
Microsoft Visual Studio Solution File, Format Version 12.00
# Visual Studio Version 17
VisualStudioVersion = 17.7.34003.232
MinimumVisualStudioVersion = 10.0.40219.1
Project("{9A19103F-16F7-4668-BE54-9A1E7A4F7556}") = "ForwardTestEngine.Console", "ForwardTestEngine.Console.csproj", "{7215A831-7592-49CF-B942-74EB9059E6B2}"
EndProject
Project("{FAE04EC0-301F-11D3-BF4B-00C04F79EFBC}") = "ForwardTestEngine.Wpf", "..\ForwardTestEngine.Wpf\ForwardTestEngine.Wpf.csproj", "{949F89F3-AF99-40D9-BD89-F645505E452F}"
EndProject
Global
	GlobalSection(SolutionConfigurationPlatforms) = preSolution
		Debug|Any CPU = Debug|Any CPU
		Release|Any CPU = Release|Any CPU
	EndGlobalSection
	GlobalSection(ProjectConfigurationPlatforms) = postSolution
		{7215A831-7592-49CF-B942-74EB9059E6B2}.Debug|Any CPU.ActiveCfg = Debug|Any CPU
		{7215A831-7592-49CF-B942-74EB9059E6B2}.Debug|Any CPU.Build.0 = Debug|Any CPU
		{7215A831-7592-49CF-B942-74EB9059E6B2}.Release|Any CPU.ActiveCfg = Release|Any CPU
		{7215A831-7592-49CF-B942-74EB9059E6B2}.Release|Any CPU.Build.0 = Release|Any CPU
		{949F89F3-AF99-40D9-BD89-F645505E452F}.Debug|Any CPU.ActiveCfg = Debug|Any CPU
		{949F89F3-AF99-40D9-BD89-F645505E452F}.Debug|Any CPU.Build.0 = Debug|Any CPU
		{949F89F3-AF99-40D9-BD89-F645505E452F}.Release|Any CPU.ActiveCfg = Release|Any CPU
		{949F89F3-AF99-40D9-BD89-F645505E452F}.Release|Any CPU.Build.0 = Release|Any CPU
	EndGlobalSection
	GlobalSection(SolutionProperties) = preSolution
		HideSolutionNode = FALSE
	EndGlobalSection
	GlobalSection(ExtensibilityGlobals) = postSolution
		SolutionGuid = {FBF4118D-84CF-4747-8973-38EA172D98C9}
	EndGlobalSection
EndGlobal
